
Microsoft Visual Studio Solution File, Format Version 12.00
# Visual Studio Version 16
VisualStudioVersion = 16.0.29215.179
MinimumVisualStudioVersion = 10.0.40219.1
Project("{9A19103F-16F7-4668-BE54-9A1E7A4F7556}") = "ConsoleApp", "ConsoleApp\ConsoleApp.csproj", "{B49F292D-6CF5-41F0-A913-1A2142C9B772}"
EndProject
Project("{9A19103F-16F7-4668-BE54-9A1E7A4F7556}") = "DAL", "DAL\DAL.csproj", "{9498310F-2969-4B21-9BF7-355C3BA7947F}"
EndProject
Project("{2150E333-8FDC-42A3-9474-1A3956D46DE8}") = "ressources", "ressources", "{4188A5B7-B41E-46BA-9870-9C92248BB77F}"
	ProjectSection(SolutionItems) = preProject
		data_insertion.sql = data_insertion.sql
		database_creation.sql = database_creation.sql
	EndProjectSection
EndProject
Project("{FAE04EC0-301F-11D3-BF4B-00C04F79EFBC}") = "BLL", "BLL\BLL.csproj", "{1122583F-E72A-4757-9E78-36EB23E51E10}"
EndProject
Project("{FAE04EC0-301F-11D3-BF4B-00C04F79EFBC}") = "DTO", "DTO\DTO.csproj", "{551AFC41-903A-4D20-BD4D-032DDC0238AD}"
EndProject
Global
	GlobalSection(SolutionConfigurationPlatforms) = preSolution
		Debug|Any CPU = Debug|Any CPU
		Release|Any CPU = Release|Any CPU
	EndGlobalSection
	GlobalSection(ProjectConfigurationPlatforms) = postSolution
		{B49F292D-6CF5-41F0-A913-1A2142C9B772}.Debug|Any CPU.ActiveCfg = Debug|Any CPU
		{B49F292D-6CF5-41F0-A913-1A2142C9B772}.Debug|Any CPU.Build.0 = Debug|Any CPU
		{B49F292D-6CF5-41F0-A913-1A2142C9B772}.Release|Any CPU.ActiveCfg = Release|Any CPU
		{B49F292D-6CF5-41F0-A913-1A2142C9B772}.Release|Any CPU.Build.0 = Release|Any CPU
		{9498310F-2969-4B21-9BF7-355C3BA7947F}.Debug|Any CPU.ActiveCfg = Debug|Any CPU
		{9498310F-2969-4B21-9BF7-355C3BA7947F}.Debug|Any CPU.Build.0 = Debug|Any CPU
		{9498310F-2969-4B21-9BF7-355C3BA7947F}.Release|Any CPU.ActiveCfg = Release|Any CPU
		{9498310F-2969-4B21-9BF7-355C3BA7947F}.Release|Any CPU.Build.0 = Release|Any CPU
		{1122583F-E72A-4757-9E78-36EB23E51E10}.Debug|Any CPU.ActiveCfg = Debug|Any CPU
		{1122583F-E72A-4757-9E78-36EB23E51E10}.Debug|Any CPU.Build.0 = Debug|Any CPU
		{1122583F-E72A-4757-9E78-36EB23E51E10}.Release|Any CPU.ActiveCfg = Release|Any CPU
		{1122583F-E72A-4757-9E78-36EB23E51E10}.Release|Any CPU.Build.0 = Release|Any CPU
		{551AFC41-903A-4D20-BD4D-032DDC0238AD}.Debug|Any CPU.ActiveCfg = Debug|Any CPU
		{551AFC41-903A-4D20-BD4D-032DDC0238AD}.Debug|Any CPU.Build.0 = Debug|Any CPU
		{551AFC41-903A-4D20-BD4D-032DDC0238AD}.Release|Any CPU.ActiveCfg = Release|Any CPU
		{551AFC41-903A-4D20-BD4D-032DDC0238AD}.Release|Any CPU.Build.0 = Release|Any CPU
	EndGlobalSection
	GlobalSection(SolutionProperties) = preSolution
		HideSolutionNode = FALSE
	EndGlobalSection
	GlobalSection(ExtensibilityGlobals) = postSolution
		SolutionGuid = {E9D4830A-8194-4DC2-9A2D-549A32FE5B3E}
	EndGlobalSection
EndGlobal
